// !$*UTF8*$!
{
	archiveVersion = 1;
	classes = {
	};
	objectVersion = 50;
	objects = {

/* Begin PBXBuildFile section */
		BA55EA78249B22500048281E /* AppDelegate.m in Sources */ = {isa = PBXBuildFile; fileRef = BA55EA77249B22500048281E /* AppDelegate.m */; };
		BA55EA7B249B22500048281E /* SceneDelegate.m in Sources */ = {isa = PBXBuildFile; fileRef = BA55EA7A249B22500048281E /* SceneDelegate.m */; };
		BA55EA7E249B22500048281E /* ViewController.m in Sources */ = {isa = PBXBuildFile; fileRef = BA55EA7D249B22500048281E /* ViewController.m */; };
		BA55EA81249B22500048281E /* Main.storyboard in Resources */ = {isa = PBXBuildFile; fileRef = BA55EA7F249B22500048281E /* Main.storyboard */; };
		BA55EA83249B22510048281E /* Assets.xcassets in Resources */ = {isa = PBXBuildFile; fileRef = BA55EA82249B22510048281E /* Assets.xcassets */; };
		BA55EA86249B22510048281E /* LaunchScreen.storyboard in Resources */ = {isa = PBXBuildFile; fileRef = BA55EA84249B22510048281E /* LaunchScreen.storyboard */; };
		BA55EA89249B22510048281E /* main.m in Sources */ = {isa = PBXBuildFile; fileRef = BA55EA88249B22510048281E /* main.m */; };
		BAE45C2F249CCD6D0006AFCB /* HYLabel.m in Sources */ = {isa = PBXBuildFile; fileRef = BAE45C2E249CCD6D0006AFCB /* HYLabel.m */; };
/* End PBXBuildFile section */

/* Begin PBXFileReference section */
		BA55EA73249B22500048281E /* test.app */ = {isa = PBXFileReference; explicitFileType = wrapper.application; includeInIndex = 0; path = test.app; sourceTree = BUILT_PRODUCTS_DIR; };
		BA55EA76249B22500048281E /* AppDelegate.h */ = {isa = PBXFileReference; lastKnownFileType = sourcecode.c.h; path = AppDelegate.h; sourceTree = "<group>"; };
		BA55EA77249B22500048281E /* AppDelegate.m */ = {isa = PBXFileReference; lastKnownFileType = sourcecode.c.objc; path = AppDelegate.m; sourceTree = "<group>"; };
		BA55EA79249B22500048281E /* SceneDelegate.h */ = {isa = PBXFileReference; lastKnownFileType = sourcecode.c.h; path = SceneDelegate.h; sourceTree = "<group>"; };
		BA55EA7A249B22500048281E /* SceneDelegate.m */ = {isa = PBXFileReference; lastKnownFileType = sourcecode.c.objc; path = SceneDelegate.m; sourceTree = "<group>"; };
		BA55EA7C249B22500048281E /* ViewController.h */ = {isa = PBXFileReference; lastKnownFileType = sourcecode.c.h; path = ViewController.h; sourceTree = "<group>"; };
		BA55EA7D249B22500048281E /* ViewController.m */ = {isa = PBXFileReference; lastKnownFileType = sourcecode.c.objc; path = ViewController.m; sourceTree = "<group>"; };
		BA55EA80249B22500048281E /* Base */ = {isa = PBXFileReference; lastKnownFileType = file.storyboard; name = Base; path = Base.lproj/Main.storyboard; sourceTree = "<group>"; };
		BA55EA82249B22510048281E /* Assets.xcassets */ = {isa = PBXFileReference; lastKnownFileType = folder.assetcatalog; path = Assets.xcassets; sourceTree = "<group>"; };
		BA55EA85249B22510048281E /* Base */ = {isa = PBXFileReference; lastKnownFileType = file.storyboard; name = Base; path = Base.lproj/LaunchScreen.storyboard; sourceTree = "<group>"; };
		BA55EA87249B22510048281E /* Info.plist */ = {isa = PBXFileReference; lastKnownFileType = text.plist.xml; path = Info.plist; sourceTree = "<group>"; };
		BA55EA88249B22510048281E /* main.m */ = {isa = PBXFileReference; lastKnownFileType = sourcecode.c.objc; path = main.m; sourceTree = "<group>"; };
		BAE45C2D249CCD6D0006AFCB /* HYLabel.h */ = {isa = PBXFileReference; lastKnownFileType = sourcecode.c.h; path = HYLabel.h; sourceTree = "<group>"; };
		BAE45C2E249CCD6D0006AFCB /* HYLabel.m */ = {isa = PBXFileReference; lastKnownFileType = sourcecode.c.objc; path = HYLabel.m; sourceTree = "<group>"; };
/* End PBXFileReference section */

/* Begin PBXFrameworksBuildPhase section */
		BA55EA70249B22500048281E /* Frameworks */ = {
			isa = PBXFrameworksBuildPhase;
			buildActionMask = 2147483647;
			files = (
			);
			runOnlyForDeploymentPostprocessing = 0;
		};
/* End PBXFrameworksBuildPhase section */

/* Begin PBXGroup section */
		BA55EA6A249B22500048281E = {
			isa = PBXGroup;
			children = (
				BA55EA75249B22500048281E /* test */,
				BA55EA74249B22500048281E /* Products */,
			);
			sourceTree = "<group>";
		};
		BA55EA74249B22500048281E /* Products */ = {
			isa = PBXGroup;
			children = (
				BA55EA73249B22500048281E /* test.app */,
			);
			name = Products;
			sourceTree = "<group>";
		};
		BA55EA75249B22500048281E /* test */ = {
			isa = PBXGroup;
			children = (
				BA55EA76249B22500048281E /* AppDelegate.h */,
				BA55EA77249B22500048281E /* AppDelegate.m */,
				BA55EA79249B22500048281E /* SceneDelegate.h */,
				BA55EA7A249B22500048281E /* SceneDelegate.m */,
				BA55EA7C249B22500048281E /* ViewController.h */,
				BA55EA7D249B22500048281E /* ViewController.m */,
				BA55EA7F249B22500048281E /* Main.storyboard */,
				BA55EA82249B22510048281E /* Assets.xcassets */,
				BA55EA84249B22510048281E /* LaunchScreen.storyboard */,
				BA55EA87249B22510048281E /* Info.plist */,
				BA55EA88249B22510048281E /* main.m */,
				BAE45C2D249CCD6D0006AFCB /* HYLabel.h */,
				BAE45C2E249CCD6D0006AFCB /* HYLabel.m */,
			);
			path = test;
			sourceTree = "<group>";
		};
/* End PBXGroup section */

/* Begin PBXNativeTarget section */
		BA55EA72249B22500048281E /* test */ = {
			isa = PBXNativeTarget;
			buildConfigurationList = BA55EA8C249B22510048281E /* Build configuration list for PBXNativeTarget "test" */;
			buildPhases = (
				BA55EA6F249B22500048281E /* Sources */,
				BA55EA70249B22500048281E /* Frameworks */,
				BA55EA71249B22500048281E /* Resources */,
			);
			buildRules = (
			);
			dependencies = (
			);
			name = test;
			productName = test;
			productReference = BA55EA73249B22500048281E /* test.app */;
			productType = "com.apple.product-type.application";
		};
/* End PBXNativeTarget section */

/* Begin PBXProject section */
		BA55EA6B249B22500048281E /* Project object */ = {
			isa = PBXProject;
			attributes = {
				LastUpgradeCheck = 1150;
				ORGANIZATIONNAME = "henry wong";
				TargetAttributes = {
					BA55EA72249B22500048281E = {
						CreatedOnToolsVersion = 11.5;
					};
				};
			};
			buildConfigurationList = BA55EA6E249B22500048281E /* Build configuration list for PBXProject "test" */;
			compatibilityVersion = "Xcode 9.3";
			developmentRegion = en;
			hasScannedForEncodings = 0;
			knownRegions = (
				en,
				Base,
			);
			mainGroup = BA55EA6A249B22500048281E;
			productRefGroup = BA55EA74249B22500048281E /* Products */;
			projectDirPath = "";
			projectRoot = "";
			targets = (
				BA55EA72249B22500048281E /* test */,
			);
		};
/* End PBXProject section */

/* Begin PBXResourcesBuildPhase section */
		BA55EA71249B22500048281E /* Resources */ = {
			isa = PBXResourcesBuildPhase;
			buildActionMask = 2147483647;
			files = (
				BA55EA86249B22510048281E /* LaunchScreen.storyboard in Resources */,
				BA55EA83249B22510048281E /* Assets.xcassets in Resources */,
				BA55EA81249B22500048281E /* Main.storyboard in Resources */,
			);
			runOnlyForDeploymentPostprocessing = 0;
		};
/* End PBXResourcesBuildPhase section */

/* Begin PBXSourcesBuildPhase section */
		BA55EA6F249B22500048281E /* Sources */ = {
			isa = PBXSourcesBuildPhase;
			buildActionMask = 2147483647;
			files = (
				BA55EA7E249B22500048281E /* ViewController.m in Sources */,
				BA55EA78249B22500048281E /* AppDelegate.m in Sources */,
				BAE45C2F249CCD6D0006AFCB /* HYLabel.m in Sources */,
				BA55EA89249B22510048281E /* main.m in Sources */,
				BA55EA7B249B22500048281E /* SceneDelegate.m in Sources */,
			);
			runOnlyForDeploymentPostprocessing = 0;
		};
/* End PBXSourcesBuildPhase section */

/* Begin PBXVariantGroup section */
		BA55EA7F249B22500048281E /* Main.storyboard */ = {
			isa = PBXVariantGroup;
			children = (
				BA55EA80249B22500048281E /* Base */,
			);
			name = Main.storyboard;
			sourceTree = "<group>";
		};
		BA55EA84249B22510048281E /* LaunchScreen.storyboard */ = {
			isa = PBXVariantGroup;
			children = (
				BA55EA85249B22510048281E /* Base */,
			);
			name = LaunchScreen.storyboard;
			sourceTree = "<group>";
		};
/* End PBXVariantGroup section */

/* Begin XCBuildConfiguration section */
		BA55EA8A249B22510048281E /* Debug */ = {
			isa = XCBuildConfiguration;
			buildSettings = {
				ALWAYS_SEARCH_USER_PATHS = NO;
				CLANG_ANALYZER_NONNULL = YES;
				CLANG_ANALYZER_NUMBER_OBJECT_CONVERSION = YES_AGGRESSIVE;
				CLANG_CXX_LANGUAGE_STANDARD = "gnu++14";
				CLANG_CXX_LIBRARY = "libc++";
				CLANG_ENABLE_MODULES = YES;
				CLANG_ENABLE_OBJC_ARC = YES;
				CLANG_ENABLE_OBJC_WEAK = YES;
				CLANG_WARN_BLOCK_CAPTURE_AUTORELEASING = YES;
				CLANG_WARN_BOOL_CONVERSION = YES;
				CLANG_WARN_COMMA = YES;
				CLANG_WARN_CONSTANT_CONVERSION = YES;
				CLANG_WARN_DEPRECATED_OBJC_IMPLEMENTATIONS = YES;
				CLANG_WARN_DIRECT_OBJC_ISA_USAGE = YES_ERROR;
				CLANG_WARN_DOCUMENTATION_COMMENTS = YES;
				CLANG_WARN_EMPTY_BODY = YES;
				CLANG_WARN_ENUM_CONVERSION = YES;
				CLANG_WARN_INFINITE_RECURSION = YES;
				CLANG_WARN_INT_CONVERSION = YES;
				CLANG_WARN_NON_LITERAL_NULL_CONVERSION = YES;
				CLANG_WARN_OBJC_IMPLICIT_RETAIN_SELF = YES;
				CLANG_WARN_OBJC_LITERAL_CONVERSION = YES;
				CLANG_WARN_OBJC_ROOT_CLASS = YES_ERROR;
				CLANG_WARN_RANGE_LOOP_ANALYSIS = YES;
				CLANG_WARN_STRICT_PROTOTYPES = YES;
				CLANG_WARN_SUSPICIOUS_MOVE = YES;
				CLANG_WARN_UNGUARDED_AVAILABILITY = YES_AGGRESSIVE;
				CLANG_WARN_UNREACHABLE_CODE = YES;
				CLANG_WARN__DUPLICATE_METHOD_MATCH = YES;
				COPY_PHASE_STRIP = NO;
				DEBUG_INFORMATION_FORMAT = dwarf;
				ENABLE_STRICT_OBJC_MSGSEND = YES;
				ENABLE_TESTABILITY = YES;
				GCC_C_LANGUAGE_STANDARD = gnu11;
				GCC_DYNAMIC_NO_PIC = NO;
				GCC_NO_COMMON_BLOCKS = YES;
				GCC_OPTIMIZATION_LEVEL = 0;
				GCC_PREPROCESSOR_DEFINITIONS = (
					"DEBUG=1",
					"$(inherited)",
				);
				GCC_WARN_64_TO_32_BIT_CONVERSION = YES;
				GCC_WARN_ABOUT_RETURN_TYPE = YES_ERROR;
				GCC_WARN_UNDECLARED_SELECTOR = YES;
				GCC_WARN_UNINITIALIZED_AUTOS = YES_AGGRESSIVE;
				GCC_WARN_UNUSED_FUNCTION = YES;
				GCC_WARN_UNUSED_VARIABLE = YES;
				IPHONEOS_DEPLOYMENT_TARGET = 13.5;
				MTL_ENABLE_DEBUG_INFO = INCLUDE_SOURCE;
				MTL_FAST_MATH = YES;
				ONLY_ACTIVE_ARCH = YES;
				SDKROOT = iphoneos;
			};
			name = Debug;
		};
		BA55EA8B249B22510048281E /* Release */ = {
			isa = XCBuildConfiguration;
			buildSettings = {
				ALWAYS_SEARCH_USER_PATHS = NO;
				CLANG_ANALYZER_NONNULL = YES;
				CLANG_ANALYZER_NUMBER_OBJECT_CONVERSION = YES_AGGRESSIVE;
				CLANG_CXX_LANGUAGE_STANDARD = "gnu++14";
				CLANG_CXX_LIBRARY = "libc++";
				CLANG_ENABLE_MODULES = YES;
				CLANG_ENABLE_OBJC_ARC = YES;
				CLANG_ENABLE_OBJC_WEAK = YES;
				CLANG_WARN_BLOCK_CAPTURE_AUTORELEASING = YES;
				CLANG_WARN_BOOL_CONVERSION = YES;
				CLANG_WARN_COMMA = YES;
				CLANG_WARN_CONSTANT_CONVERSION = YES;
				CLANG_WARN_DEPRECATED_OBJC_IMPLEMENTATIONS = YES;
				CLANG_WARN_DIRECT_OBJC_ISA_USAGE = YES_ERROR;
				CLANG_WARN_DOCUMENTATION_COMMENTS = YES;
				CLANG_WARN_EMPTY_BODY = YES;
				CLANG_WARN_ENUM_CONVERSION = YES;
				CLANG_WARN_INFINITE_RECURSION = YES;
				CLANG_WARN_INT_CONVERSION = YES;
				CLANG_WARN_NON_LITERAL_NULL_CONVERSION = YES;
				CLANG_WARN_OBJC_IMPLICIT_RETAIN_SELF = YES;
				CLANG_WARN_OBJC_LITERAL_CONVERSION = YES;
				CLANG_WARN_OBJC_ROOT_CLASS = YES_ERROR;
				CLANG_WARN_RANGE_LOOP_ANALYSIS = YES;
				CLANG_WARN_STRICT_PROTOTYPES = YES;
				CLANG_WARN_SUSPICIOUS_MOVE = YES;
				CLANG_WARN_UNGUARDED_AVAILABILITY = YES_AGGRESSIVE;
				CLANG_WARN_UNREACHABLE_CODE = YES;
				CLANG_WARN__DUPLICATE_METHOD_MATCH = YES;
				COPY_PHASE_STRIP = NO;
				DEBUG_INFORMATION_FORMAT = "dwarf-with-dsym";
				ENABLE_NS_ASSERTIONS = NO;
				ENABLE_STRICT_OBJC_MSGSEND = YES;
				GCC_C_LANGUAGE_STANDARD = gnu11;
				GCC_NO_COMMON_BLOCKS = YES;
				GCC_WARN_64_TO_32_BIT_CONVERSION = YES;
				GCC_WARN_ABOUT_RETURN_TYPE = YES_ERROR;
				GCC_WARN_UNDECLARED_SELECTOR = YES;
				GCC_WARN_UNINITIALIZED_AUTOS = YES_AGGRESSIVE;
				GCC_WARN_UNUSED_FUNCTION = YES;
				GCC_WARN_UNUSED_VARIABLE = YES;
				IPHONEOS_DEPLOYMENT_TARGET = 13.5;
				MTL_ENABLE_DEBUG_INFO = NO;
				MTL_FAST_MATH = YES;
				SDKROOT = iphoneos;
				VALIDATE_PRODUCT = YES;
			};
			name = Release;
		};
		BA55EA8D249B22510048281E /* Debug */ = {
			isa = XCBuildConfiguration;
			buildSettings = {
				ASSETCATALOG_COMPILER_APPICON_NAME = AppIcon;
				CODE_SIGN_STYLE = Automatic;
				DEVELOPMENT_TEAM = 7VS2RJR2CZ;
				INFOPLIST_FILE = test/Info.plist;
				LD_RUNPATH_SEARCH_PATHS = (
					"$(inherited)",
					"@executable_path/Frameworks",
				);
				PRODUCT_BUNDLE_IDENTIFIER = com.henryyohn.example.test;
				PRODUCT_NAME = "$(TARGET_NAME)";
				TARGETED_DEVICE_FAMILY = "1,2";
			};
			name = Debug;
		};
		BA55EA8E249B22510048281E /* Release */ = {
			isa = XCBuildConfiguration;
			buildSettings = {
				ASSETCATALOG_COMPILER_APPICON_NAME = AppIcon;
				CODE_SIGN_STYLE = Automatic;
				DEVELOPMENT_TEAM = 7VS2RJR2CZ;
				INFOPLIST_FILE = test/Info.plist;
				LD_RUNPATH_SEARCH_PATHS = (
					"$(inherited)",
					"@executable_path/Frameworks",
				);
				PRODUCT_BUNDLE_IDENTIFIER = com.henryyohn.example.test;
				PRODUCT_NAME = "$(TARGET_NAME)";
				TARGETED_DEVICE_FAMILY = "1,2";
			};
			name = Release;
		};
/* End XCBuildConfiguration section */

/* Begin XCConfigurationList section */
		BA55EA6E249B22500048281E /* Build configuration list for PBXProject "test" */ = {
			isa = XCConfigurationList;
			buildConfigurations = (
				BA55EA8A249B22510048281E /* Debug */,
				BA55EA8B249B22510048281E /* Release */,
			);
			defaultConfigurationIsVisible = 0;
			defaultConfigurationName = Release;
		};
		BA55EA8C249B22510048281E /* Build configuration list for PBXNativeTarget "test" */ = {
			isa = XCConfigurationList;
			buildConfigurations = (
				BA55EA8D249B22510048281E /* Debug */,
				BA55EA8E249B22510048281E /* Release */,
			);
			defaultConfigurationIsVisible = 0;
			defaultConfigurationName = Release;
		};
/* End XCConfigurationList section */
	};
	rootObject = BA55EA6B249B22500048281E /* Project object */;
}
